
Microsoft Visual Studio Solution File, Format Version 12.00
# Visual Studio Version 17
VisualStudioVersion = 17.8.34408.163
MinimumVisualStudioVersion = 10.0.40219.1
Project("{FAE04EC0-301F-11D3-BF4B-00C04F79EFBC}") = "Inmemory", "Inmemory\Inmemory.csproj", "{499C34D2-15D3-44DB-8450-CD235F2D061A}"
EndProject
Project("{FAE04EC0-301F-11D3-BF4B-00C04F79EFBC}") = "Distributed", "Distributed\Distributed.csproj", "{38286525-4B8E-4A30-B478-572D5A71F71A}"
EndProject
Global
	GlobalSection(SolutionConfigurationPlatforms) = preSolution
		Debug|Any CPU = Debug|Any CPU
		Release|Any CPU = Release|Any CPU
	EndGlobalSection
	GlobalSection(ProjectConfigurationPlatforms) = postSolution
		{499C34D2-15D3-44DB-8450-CD235F2D061A}.Debug|Any CPU.ActiveCfg = Debug|Any CPU
		{499C34D2-15D3-44DB-8450-CD235F2D061A}.Debug|Any CPU.Build.0 = Debug|Any CPU
		{499C34D2-15D3-44DB-8450-CD235F2D061A}.Release|Any CPU.ActiveCfg = Release|Any CPU
		{499C34D2-15D3-44DB-8450-CD235F2D061A}.Release|Any CPU.Build.0 = Release|Any CPU
		{38286525-4B8E-4A30-B478-572D5A71F71A}.Debug|Any CPU.ActiveCfg = Debug|Any CPU
		{38286525-4B8E-4A30-B478-572D5A71F71A}.Debug|Any CPU.Build.0 = Debug|Any CPU
		{38286525-4B8E-4A30-B478-572D5A71F71A}.Release|Any CPU.ActiveCfg = Release|Any CPU
		{38286525-4B8E-4A30-B478-572D5A71F71A}.Release|Any CPU.Build.0 = Release|Any CPU
	EndGlobalSection
	GlobalSection(SolutionProperties) = preSolution
		HideSolutionNode = FALSE
	EndGlobalSection
	GlobalSection(ExtensibilityGlobals) = postSolution
		SolutionGuid = {A16FF401-C458-4AAD-97B2-5FB3B2AF0FAA}
	EndGlobalSection
EndGlobal
